// !$*UTF8*$!
{
	archiveVersion = 1;
	classes = {
	};
	objectVersion = 46;
	objects = {

/* Begin PBXBuildFile section */
		33AABF1415E7FC8900D42FFE /* UIKit.framework in Frameworks */ = {isa = PBXBuildFile; fileRef = 33AABF1315E7FC8900D42FFE /* UIKit.framework */; };
		33AABF1615E7FC8900D42FFE /* Foundation.framework in Frameworks */ = {isa = PBXBuildFile; fileRef = 33AABF1515E7FC8900D42FFE /* Foundation.framework */; };
		33AABF1815E7FC8900D42FFE /* CoreGraphics.framework in Frameworks */ = {isa = PBXBuildFile; fileRef = 33AABF1715E7FC8900D42FFE /* CoreGraphics.framework */; };
		33AABF1E15E7FC8900D42FFE /* InfoPlist.strings in Resources */ = {isa = PBXBuildFile; fileRef = 33AABF1C15E7FC8900D42FFE /* InfoPlist.strings */; };
		33AABF2015E7FC8900D42FFE /* main.m in Sources */ = {isa = PBXBuildFile; fileRef = 33AABF1F15E7FC8900D42FFE /* main.m */; };
		33AABF2415E7FC8900D42FFE /* AppDelegate.m in Sources */ = {isa = PBXBuildFile; fileRef = 33AABF2315E7FC8900D42FFE /* AppDelegate.m */; };
		33AABF2715E7FC8900D42FFE /* MainStoryboard_iPhone.storyboard in Resources */ = {isa = PBXBuildFile; fileRef = 33AABF2515E7FC8900D42FFE /* MainStoryboard_iPhone.storyboard */; };
		33AABF2A15E7FC8900D42FFE /* MainStoryboard_iPad.storyboard in Resources */ = {isa = PBXBuildFile; fileRef = 33AABF2815E7FC8900D42FFE /* MainStoryboard_iPad.storyboard */; };
		33AABF2D15E7FC8900D42FFE /* MasterViewController.m in Sources */ = {isa = PBXBuildFile; fileRef = 33AABF2C15E7FC8900D42FFE /* MasterViewController.m */; };
		33AABF3015E7FC8900D42FFE /* DetailViewController.m in Sources */ = {isa = PBXBuildFile; fileRef = 33AABF2F15E7FC8900D42FFE /* DetailViewController.m */; };
		33AABF3815E7FC8A00D42FFE /* SenTestingKit.framework in Frameworks */ = {isa = PBXBuildFile; fileRef = 33AABF3715E7FC8A00D42FFE /* SenTestingKit.framework */; };
		33AABF3915E7FC8A00D42FFE /* UIKit.framework in Frameworks */ = {isa = PBXBuildFile; fileRef = 33AABF1315E7FC8900D42FFE /* UIKit.framework */; };
		33AABF3A15E7FC8A00D42FFE /* Foundation.framework in Frameworks */ = {isa = PBXBuildFile; fileRef = 33AABF1515E7FC8900D42FFE /* Foundation.framework */; };
		33AABF4215E7FC8A00D42FFE /* InfoPlist.strings in Resources */ = {isa = PBXBuildFile; fileRef = 33AABF4015E7FC8A00D42FFE /* InfoPlist.strings */; };
		33AABF4515E7FC8A00D42FFE /* Ryan_Torres_DesignTests.m in Sources */ = {isa = PBXBuildFile; fileRef = 33AABF4415E7FC8A00D42FFE /* Ryan_Torres_DesignTests.m */; };
/* End PBXBuildFile section */

/* Begin PBXContainerItemProxy section */
		33AABF3B15E7FC8A00D42FFE /* PBXContainerItemProxy */ = {
			isa = PBXContainerItemProxy;
			containerPortal = 33AABF0615E7FC8900D42FFE /* Project object */;
			proxyType = 1;
			remoteGlobalIDString = 33AABF0E15E7FC8900D42FFE;
			remoteInfo = "Ryan Torres Design";
		};
/* End PBXContainerItemProxy section */

/* Begin PBXFileReference section */
		33AABF0F15E7FC8900D42FFE /* Ryan Torres Design.app */ = {isa = PBXFileReference; explicitFileType = wrapper.application; includeInIndex = 0; path = "Ryan Torres Design.app"; sourceTree = BUILT_PRODUCTS_DIR; };
		33AABF1315E7FC8900D42FFE /* UIKit.framework */ = {isa = PBXFileReference; lastKnownFileType = wrapper.framework; name = UIKit.framework; path = System/Library/Frameworks/UIKit.framework; sourceTree = SDKROOT; };
		33AABF1515E7FC8900D42FFE /* Foundation.framework */ = {isa = PBXFileReference; lastKnownFileType = wrapper.framework; name = Foundation.framework; path = System/Library/Frameworks/Foundation.framework; sourceTree = SDKROOT; };
		33AABF1715E7FC8900D42FFE /* CoreGraphics.framework */ = {isa = PBXFileReference; lastKnownFileType = wrapper.framework; name = CoreGraphics.framework; path = System/Library/Frameworks/CoreGraphics.framework; sourceTree = SDKROOT; };
		33AABF1B15E7FC8900D42FFE /* Ryan Torres Design-Info.plist */ = {isa = PBXFileReference; lastKnownFileType = text.plist.xml; path = "Ryan Torres Design-Info.plist"; sourceTree = "<group>"; };
		33AABF1D15E7FC8900D42FFE /* en */ = {isa = PBXFileReference; lastKnownFileType = text.plist.strings; name = en; path = en.lproj/InfoPlist.strings; sourceTree = "<group>"; };
		33AABF1F15E7FC8900D42FFE /* main.m */ = {isa = PBXFileReference; lastKnownFileType = sourcecode.c.objc; path = main.m; sourceTree = "<group>"; };
		33AABF2115E7FC8900D42FFE /* Ryan Torres Design-Prefix.pch */ = {isa = PBXFileReference; lastKnownFileType = sourcecode.c.h; path = "Ryan Torres Design-Prefix.pch"; sourceTree = "<group>"; };
		33AABF2215E7FC8900D42FFE /* AppDelegate.h */ = {isa = PBXFileReference; lastKnownFileType = sourcecode.c.h; path = AppDelegate.h; sourceTree = "<group>"; };
		33AABF2315E7FC8900D42FFE /* AppDelegate.m */ = {isa = PBXFileReference; lastKnownFileType = sourcecode.c.objc; path = AppDelegate.m; sourceTree = "<group>"; };
		33AABF2615E7FC8900D42FFE /* en */ = {isa = PBXFileReference; lastKnownFileType = file.storyboard; name = en; path = en.lproj/MainStoryboard_iPhone.storyboard; sourceTree = "<group>"; };
		33AABF2915E7FC8900D42FFE /* en */ = {isa = PBXFileReference; lastKnownFileType = file.storyboard; name = en; path = en.lproj/MainStoryboard_iPad.storyboard; sourceTree = "<group>"; };
		33AABF2B15E7FC8900D42FFE /* MasterViewController.h */ = {isa = PBXFileReference; lastKnownFileType = sourcecode.c.h; path = MasterViewController.h; sourceTree = "<group>"; };
		33AABF2C15E7FC8900D42FFE /* MasterViewController.m */ = {isa = PBXFileReference; lastKnownFileType = sourcecode.c.objc; path = MasterViewController.m; sourceTree = "<group>"; };
		33AABF2E15E7FC8900D42FFE /* DetailViewController.h */ = {isa = PBXFileReference; lastKnownFileType = sourcecode.c.h; path = DetailViewController.h; sourceTree = "<group>"; };
		33AABF2F15E7FC8900D42FFE /* DetailViewController.m */ = {isa = PBXFileReference; lastKnownFileType = sourcecode.c.objc; path = DetailViewController.m; sourceTree = "<group>"; };
		33AABF3615E7FC8A00D42FFE /* Ryan Torres DesignTests.octest */ = {isa = PBXFileReference; explicitFileType = wrapper.cfbundle; includeInIndex = 0; path = "Ryan Torres DesignTests.octest"; sourceTree = BUILT_PRODUCTS_DIR; };
		33AABF3715E7FC8A00D42FFE /* SenTestingKit.framework */ = {isa = PBXFileReference; lastKnownFileType = wrapper.framework; name = SenTestingKit.framework; path = Library/Frameworks/SenTestingKit.framework; sourceTree = DEVELOPER_DIR; };
		33AABF3F15E7FC8A00D42FFE /* Ryan Torres DesignTests-Info.plist */ = {isa = PBXFileReference; lastKnownFileType = text.plist.xml; path = "Ryan Torres DesignTests-Info.plist"; sourceTree = "<group>"; };
		33AABF4115E7FC8A00D42FFE /* en */ = {isa = PBXFileReference; lastKnownFileType = text.plist.strings; name = en; path = en.lproj/InfoPlist.strings; sourceTree = "<group>"; };
		33AABF4315E7FC8A00D42FFE /* Ryan_Torres_DesignTests.h */ = {isa = PBXFileReference; lastKnownFileType = sourcecode.c.h; path = Ryan_Torres_DesignTests.h; sourceTree = "<group>"; };
		33AABF4415E7FC8A00D42FFE /* Ryan_Torres_DesignTests.m */ = {isa = PBXFileReference; lastKnownFileType = sourcecode.c.objc; path = Ryan_Torres_DesignTests.m; sourceTree = "<group>"; };
/* End PBXFileReference section */

/* Begin PBXFrameworksBuildPhase section */
		33AABF0C15E7FC8900D42FFE /* Frameworks */ = {
			isa = PBXFrameworksBuildPhase;
			buildActionMask = 2147483647;
			files = (
				33AABF1415E7FC8900D42FFE /* UIKit.framework in Frameworks */,
				33AABF1615E7FC8900D42FFE /* Foundation.framework in Frameworks */,
				33AABF1815E7FC8900D42FFE /* CoreGraphics.framework in Frameworks */,
			);
			runOnlyForDeploymentPostprocessing = 0;
		};
		33AABF3215E7FC8A00D42FFE /* Frameworks */ = {
			isa = PBXFrameworksBuildPhase;
			buildActionMask = 2147483647;
			files = (
				33AABF3815E7FC8A00D42FFE /* SenTestingKit.framework in Frameworks */,
				33AABF3915E7FC8A00D42FFE /* UIKit.framework in Frameworks */,
				33AABF3A15E7FC8A00D42FFE /* Foundation.framework in Frameworks */,
			);
			runOnlyForDeploymentPostprocessing = 0;
		};
/* End PBXFrameworksBuildPhase section */

/* Begin PBXGroup section */
		33AABF0415E7FC8900D42FFE = {
			isa = PBXGroup;
			children = (
				33AABF1915E7FC8900D42FFE /* Ryan Torres Design */,
				33AABF3D15E7FC8A00D42FFE /* Ryan Torres DesignTests */,
				33AABF1215E7FC8900D42FFE /* Frameworks */,
				33AABF1015E7FC8900D42FFE /* Products */,
			);
			sourceTree = "<group>";
		};
		33AABF1015E7FC8900D42FFE /* Products */ = {
			isa = PBXGroup;
			children = (
				33AABF0F15E7FC8900D42FFE /* Ryan Torres Design.app */,
				33AABF3615E7FC8A00D42FFE /* Ryan Torres DesignTests.octest */,
			);
			name = Products;
			sourceTree = "<group>";
		};
		33AABF1215E7FC8900D42FFE /* Frameworks */ = {
			isa = PBXGroup;
			children = (
				33AABF1315E7FC8900D42FFE /* UIKit.framework */,
				33AABF1515E7FC8900D42FFE /* Foundation.framework */,
				33AABF1715E7FC8900D42FFE /* CoreGraphics.framework */,
				33AABF3715E7FC8A00D42FFE /* SenTestingKit.framework */,
			);
			name = Frameworks;
			sourceTree = "<group>";
		};
		33AABF1915E7FC8900D42FFE /* Ryan Torres Design */ = {
			isa = PBXGroup;
			children = (
				33AABF2215E7FC8900D42FFE /* AppDelegate.h */,
				33AABF2315E7FC8900D42FFE /* AppDelegate.m */,
				33AABF2515E7FC8900D42FFE /* MainStoryboard_iPhone.storyboard */,
				33AABF2815E7FC8900D42FFE /* MainStoryboard_iPad.storyboard */,
				33AABF2B15E7FC8900D42FFE /* MasterViewController.h */,
				33AABF2C15E7FC8900D42FFE /* MasterViewController.m */,
				33AABF2E15E7FC8900D42FFE /* DetailViewController.h */,
				33AABF2F15E7FC8900D42FFE /* DetailViewController.m */,
				33AABF1A15E7FC8900D42FFE /* Supporting Files */,
			);
			path = "Ryan Torres Design";
			sourceTree = "<group>";
		};
		33AABF1A15E7FC8900D42FFE /* Supporting Files */ = {
			isa = PBXGroup;
			children = (
				33AABF1B15E7FC8900D42FFE /* Ryan Torres Design-Info.plist */,
				33AABF1C15E7FC8900D42FFE /* InfoPlist.strings */,
				33AABF1F15E7FC8900D42FFE /* main.m */,
				33AABF2115E7FC8900D42FFE /* Ryan Torres Design-Prefix.pch */,
			);
			name = "Supporting Files";
			sourceTree = "<group>";
		};
		33AABF3D15E7FC8A00D42FFE /* Ryan Torres DesignTests */ = {
			isa = PBXGroup;
			children = (
				33AABF4315E7FC8A00D42FFE /* Ryan_Torres_DesignTests.h */,
				33AABF4415E7FC8A00D42FFE /* Ryan_Torres_DesignTests.m */,
				33AABF3E15E7FC8A00D42FFE /* Supporting Files */,
			);
			path = "Ryan Torres DesignTests";
			sourceTree = "<group>";
		};
		33AABF3E15E7FC8A00D42FFE /* Supporting Files */ = {
			isa = PBXGroup;
			children = (
				33AABF3F15E7FC8A00D42FFE /* Ryan Torres DesignTests-Info.plist */,
				33AABF4015E7FC8A00D42FFE /* InfoPlist.strings */,
			);
			name = "Supporting Files";
			sourceTree = "<group>";
		};
/* End PBXGroup section */

/* Begin PBXNativeTarget section */
		33AABF0E15E7FC8900D42FFE /* Ryan Torres Design */ = {
			isa = PBXNativeTarget;
			buildConfigurationList = 33AABF4815E7FC8A00D42FFE /* Build configuration list for PBXNativeTarget "Ryan Torres Design" */;
			buildPhases = (
				33AABF0B15E7FC8900D42FFE /* Sources */,
				33AABF0C15E7FC8900D42FFE /* Frameworks */,
				33AABF0D15E7FC8900D42FFE /* Resources */,
			);
			buildRules = (
			);
			dependencies = (
			);
			name = "Ryan Torres Design";
			productName = "Ryan Torres Design";
			productReference = 33AABF0F15E7FC8900D42FFE /* Ryan Torres Design.app */;
			productType = "com.apple.product-type.application";
		};
		33AABF3515E7FC8A00D42FFE /* Ryan Torres DesignTests */ = {
			isa = PBXNativeTarget;
			buildConfigurationList = 33AABF4B15E7FC8A00D42FFE /* Build configuration list for PBXNativeTarget "Ryan Torres DesignTests" */;
			buildPhases = (
				33AABF3115E7FC8A00D42FFE /* Sources */,
				33AABF3215E7FC8A00D42FFE /* Frameworks */,
				33AABF3315E7FC8A00D42FFE /* Resources */,
				33AABF3415E7FC8A00D42FFE /* ShellScript */,
			);
			buildRules = (
			);
			dependencies = (
				33AABF3C15E7FC8A00D42FFE /* PBXTargetDependency */,
			);
			name = "Ryan Torres DesignTests";
			productName = "Ryan Torres DesignTests";
			productReference = 33AABF3615E7FC8A00D42FFE /* Ryan Torres DesignTests.octest */;
			productType = "com.apple.product-type.bundle";
		};
/* End PBXNativeTarget section */

/* Begin PBXProject section */
		33AABF0615E7FC8900D42FFE /* Project object */ = {
			isa = PBXProject;
			attributes = {
				LastUpgradeCheck = 0440;
				ORGANIZATIONNAME = "Ryan Torres";
			};
			buildConfigurationList = 33AABF0915E7FC8900D42FFE /* Build configuration list for PBXProject "Ryan Torres Design" */;
			compatibilityVersion = "Xcode 3.2";
			developmentRegion = English;
			hasScannedForEncodings = 0;
			knownRegions = (
				en,
			);
			mainGroup = 33AABF0415E7FC8900D42FFE;
			productRefGroup = 33AABF1015E7FC8900D42FFE /* Products */;
			projectDirPath = "";
			projectRoot = "";
			targets = (
				33AABF0E15E7FC8900D42FFE /* Ryan Torres Design */,
				33AABF3515E7FC8A00D42FFE /* Ryan Torres DesignTests */,
			);
		};
/* End PBXProject section */

/* Begin PBXResourcesBuildPhase section */
		33AABF0D15E7FC8900D42FFE /* Resources */ = {
			isa = PBXResourcesBuildPhase;
			buildActionMask = 2147483647;
			files = (
				33AABF1E15E7FC8900D42FFE /* InfoPlist.strings in Resources */,
				33AABF2715E7FC8900D42FFE /* MainStoryboard_iPhone.storyboard in Resources */,
				33AABF2A15E7FC8900D42FFE /* MainStoryboard_iPad.storyboard in Resources */,
			);
			runOnlyForDeploymentPostprocessing = 0;
		};
		33AABF3315E7FC8A00D42FFE /* Resources */ = {
			isa = PBXResourcesBuildPhase;
			buildActionMask = 2147483647;
			files = (
				33AABF4215E7FC8A00D42FFE /* InfoPlist.strings in Resources */,
			);
			runOnlyForDeploymentPostprocessing = 0;
		};
/* End PBXResourcesBuildPhase section */

/* Begin PBXShellScriptBuildPhase section */
		33AABF3415E7FC8A00D42FFE /* ShellScript */ = {
			isa = PBXShellScriptBuildPhase;
			buildActionMask = 2147483647;
			files = (
			);
			inputPaths = (
			);
			outputPaths = (
			);
			runOnlyForDeploymentPostprocessing = 0;
			shellPath = /bin/sh;
			shellScript = "# Run the unit tests in this test bundle.\n\"${SYSTEM_DEVELOPER_DIR}/Tools/RunUnitTests\"\n";
		};
/* End PBXShellScriptBuildPhase section */

/* Begin PBXSourcesBuildPhase section */
		33AABF0B15E7FC8900D42FFE /* Sources */ = {
			isa = PBXSourcesBuildPhase;
			buildActionMask = 2147483647;
			files = (
				33AABF2015E7FC8900D42FFE /* main.m in Sources */,
				33AABF2415E7FC8900D42FFE /* AppDelegate.m in Sources */,
				33AABF2D15E7FC8900D42FFE /* MasterViewController.m in Sources */,
				33AABF3015E7FC8900D42FFE /* DetailViewController.m in Sources */,
			);
			runOnlyForDeploymentPostprocessing = 0;
		};
		33AABF3115E7FC8A00D42FFE /* Sources */ = {
			isa = PBXSourcesBuildPhase;
			buildActionMask = 2147483647;
			files = (
				33AABF4515E7FC8A00D42FFE /* Ryan_Torres_DesignTests.m in Sources */,
			);
			runOnlyForDeploymentPostprocessing = 0;
		};
/* End PBXSourcesBuildPhase section */

/* Begin PBXTargetDependency section */
		33AABF3C15E7FC8A00D42FFE /* PBXTargetDependency */ = {
			isa = PBXTargetDependency;
			target = 33AABF0E15E7FC8900D42FFE /* Ryan Torres Design */;
			targetProxy = 33AABF3B15E7FC8A00D42FFE /* PBXContainerItemProxy */;
		};
/* End PBXTargetDependency section */

/* Begin PBXVariantGroup section */
		33AABF1C15E7FC8900D42FFE /* InfoPlist.strings */ = {
			isa = PBXVariantGroup;
			children = (
				33AABF1D15E7FC8900D42FFE /* en */,
			);
			name = InfoPlist.strings;
			sourceTree = "<group>";
		};
		33AABF2515E7FC8900D42FFE /* MainStoryboard_iPhone.storyboard */ = {
			isa = PBXVariantGroup;
			children = (
				33AABF2615E7FC8900D42FFE /* en */,
			);
			name = MainStoryboard_iPhone.storyboard;
			sourceTree = "<group>";
		};
		33AABF2815E7FC8900D42FFE /* MainStoryboard_iPad.storyboard */ = {
			isa = PBXVariantGroup;
			children = (
				33AABF2915E7FC8900D42FFE /* en */,
			);
			name = MainStoryboard_iPad.storyboard;
			sourceTree = "<group>";
		};
		33AABF4015E7FC8A00D42FFE /* InfoPlist.strings */ = {
			isa = PBXVariantGroup;
			children = (
				33AABF4115E7FC8A00D42FFE /* en */,
			);
			name = InfoPlist.strings;
			sourceTree = "<group>";
		};
/* End PBXVariantGroup section */

/* Begin XCBuildConfiguration section */
		33AABF4615E7FC8A00D42FFE /* Debug */ = {
			isa = XCBuildConfiguration;
			buildSettings = {
				ALWAYS_SEARCH_USER_PATHS = NO;
				ARCHS = "$(ARCHS_STANDARD_32_BIT)";
				CLANG_CXX_LANGUAGE_STANDARD = "gnu++0x";
				CLANG_ENABLE_OBJC_ARC = YES;
				CLANG_WARN__DUPLICATE_METHOD_MATCH = YES;
				"CODE_SIGN_IDENTITY[sdk=iphoneos*]" = "iPhone Developer";
				COPY_PHASE_STRIP = NO;
				GCC_C_LANGUAGE_STANDARD = gnu99;
				GCC_DYNAMIC_NO_PIC = NO;
				GCC_OPTIMIZATION_LEVEL = 0;
				GCC_PREPROCESSOR_DEFINITIONS = (
					"DEBUG=1",
					"$(inherited)",
				);
				GCC_SYMBOLS_PRIVATE_EXTERN = NO;
				GCC_VERSION = com.apple.compilers.llvm.clang.1_0;
				GCC_WARN_ABOUT_RETURN_TYPE = YES;
				GCC_WARN_UNINITIALIZED_AUTOS = YES;
				GCC_WARN_UNUSED_VARIABLE = YES;
				IPHONEOS_DEPLOYMENT_TARGET = 5.1;
				SDKROOT = iphoneos;
				TARGETED_DEVICE_FAMILY = "1,2";
			};
			name = Debug;
		};
		33AABF4715E7FC8A00D42FFE /* Release */ = {
			isa = XCBuildConfiguration;
			buildSettings = {
				ALWAYS_SEARCH_USER_PATHS = NO;
				ARCHS = "$(ARCHS_STANDARD_32_BIT)";
				CLANG_CXX_LANGUAGE_STANDARD = "gnu++0x";
				CLANG_ENABLE_OBJC_ARC = YES;
				CLANG_WARN__DUPLICATE_METHOD_MATCH = YES;
				"CODE_SIGN_IDENTITY[sdk=iphoneos*]" = "iPhone Developer";
				COPY_PHASE_STRIP = YES;
				GCC_C_LANGUAGE_STANDARD = gnu99;
				GCC_VERSION = com.apple.compilers.llvm.clang.1_0;
				GCC_WARN_ABOUT_RETURN_TYPE = YES;
				GCC_WARN_UNINITIALIZED_AUTOS = YES;
				GCC_WARN_UNUSED_VARIABLE = YES;
				IPHONEOS_DEPLOYMENT_TARGET = 5.1;
				OTHER_CFLAGS = "-DNS_BLOCK_ASSERTIONS=1";
				SDKROOT = iphoneos;
				TARGETED_DEVICE_FAMILY = "1,2";
				VALIDATE_PRODUCT = YES;
			};
			name = Release;
		};
		33AABF4915E7FC8A00D42FFE /* Debug */ = {
			isa = XCBuildConfiguration;
			buildSettings = {
				GCC_PRECOMPILE_PREFIX_HEADER = YES;
				GCC_PREFIX_HEADER = "Ryan Torres Design/Ryan Torres Design-Prefix.pch";
				INFOPLIST_FILE = "Ryan Torres Design/Ryan Torres Design-Info.plist";
				PRODUCT_NAME = "$(TARGET_NAME)";
				WRAPPER_EXTENSION = app;
			};
			name = Debug;
		};
		33AABF4A15E7FC8A00D42FFE /* Release */ = {
			isa = XCBuildConfiguration;
			buildSettings = {
				GCC_PRECOMPILE_PREFIX_HEADER = YES;
				GCC_PREFIX_HEADER = "Ryan Torres Design/Ryan Torres Design-Prefix.pch";
				INFOPLIST_FILE = "Ryan Torres Design/Ryan Torres Design-Info.plist";
				PRODUCT_NAME = "$(TARGET_NAME)";
				WRAPPER_EXTENSION = app;
			};
			name = Release;
		};
		33AABF4C15E7FC8A00D42FFE /* Debug */ = {
			isa = XCBuildConfiguration;
			buildSettings = {
				BUNDLE_LOADER = "$(BUILT_PRODUCTS_DIR)/Ryan Torres Design.app/Ryan Torres Design";
				FRAMEWORK_SEARCH_PATHS = (
					"\"$(SDKROOT)/Developer/Library/Frameworks\"",
					"\"$(DEVELOPER_LIBRARY_DIR)/Frameworks\"",
				);
				GCC_PRECOMPILE_PREFIX_HEADER = YES;
				GCC_PREFIX_HEADER = "Ryan Torres Design/Ryan Torres Design-Prefix.pch";
				INFOPLIST_FILE = "Ryan Torres DesignTests/Ryan Torres DesignTests-Info.plist";
				PRODUCT_NAME = "$(TARGET_NAME)";
				TEST_HOST = "$(BUNDLE_LOADER)";
				WRAPPER_EXTENSION = octest;
			};
			name = Debug;
		};
		33AABF4D15E7FC8A00D42FFE /* Release */ = {
			isa = XCBuildConfiguration;
			buildSettings = {
				BUNDLE_LOADER = "$(BUILT_PRODUCTS_DIR)/Ryan Torres Design.app/Ryan Torres Design";
				FRAMEWORK_SEARCH_PATHS = (
					"\"$(SDKROOT)/Developer/Library/Frameworks\"",
					"\"$(DEVELOPER_LIBRARY_DIR)/Frameworks\"",
				);
				GCC_PRECOMPILE_PREFIX_HEADER = YES;
				GCC_PREFIX_HEADER = "Ryan Torres Design/Ryan Torres Design-Prefix.pch";
				INFOPLIST_FILE = "Ryan Torres DesignTests/Ryan Torres DesignTests-Info.plist";
				PRODUCT_NAME = "$(TARGET_NAME)";
				TEST_HOST = "$(BUNDLE_LOADER)";
				WRAPPER_EXTENSION = octest;
			};
			name = Release;
		};
/* End XCBuildConfiguration section */

/* Begin XCConfigurationList section */
		33AABF0915E7FC8900D42FFE /* Build configuration list for PBXProject "Ryan Torres Design" */ = {
			isa = XCConfigurationList;
			buildConfigurations = (
				33AABF4615E7FC8A00D42FFE /* Debug */,
				33AABF4715E7FC8A00D42FFE /* Release */,
			);
			defaultConfigurationIsVisible = 0;
			defaultConfigurationName = Release;
		};
		33AABF4815E7FC8A00D42FFE /* Build configuration list for PBXNativeTarget "Ryan Torres Design" */ = {
			isa = XCConfigurationList;
			buildConfigurations = (
				33AABF4915E7FC8A00D42FFE /* Debug */,
				33AABF4A15E7FC8A00D42FFE /* Release */,
			);
			defaultConfigurationIsVisible = 0;
		};
		33AABF4B15E7FC8A00D42FFE /* Build configuration list for PBXNativeTarget "Ryan Torres DesignTests" */ = {
			isa = XCConfigurationList;
			buildConfigurations = (
				33AABF4C15E7FC8A00D42FFE /* Debug */,
				33AABF4D15E7FC8A00D42FFE /* Release */,
			);
			defaultConfigurationIsVisible = 0;
		};
/* End XCConfigurationList section */
	};
	rootObject = 33AABF0615E7FC8900D42FFE /* Project object */;
}
